
Microsoft Visual Studio Solution File, Format Version 12.00
# Visual Studio Version 17
VisualStudioVersion = 17.0.31903.59
MinimumVisualStudioVersion = 10.0.40219.1
Project("{2150E333-8FDC-42A3-9474-1A3956D46DE8}") = "src", "src", "{827E0CD3-B72D-47B6-A68D-7590B98EB39B}"
EndProject
Project("{FAE04EC0-301F-11D3-BF4B-00C04F79EFBC}") = "TaskManagement.Domain", "src\TaskManagement.Domain\TaskManagement.Domain.csproj", "{360E9836-CD8A-4F12-BD77-63B0FAD225FF}"
EndProject
Project("{FAE04EC0-301F-11D3-BF4B-00C04F79EFBC}") = "TaskManagement.Application", "src\TaskManagement.Application\TaskManagement.Application.csproj", "{335453B9-5255-4221-B564-C73A6EB770DF}"
EndProject
Project("{FAE04EC0-301F-11D3-BF4B-00C04F79EFBC}") = "TaskManagement.Infrastructure", "src\TaskManagement.Infrastructure\TaskManagement.Infrastructure.csproj", "{49BA3530-E024-431A-82E2-C22E772E0B86}"
EndProject
Project("{FAE04EC0-301F-11D3-BF4B-00C04F79EFBC}") = "TaskManagement.API", "src\TaskManagement.API\TaskManagement.API.csproj", "{3A7D5D2D-8FC1-46F6-877D-C8675CECBF01}"
EndProject
Project("{2150E333-8FDC-42A3-9474-1A3956D46DE8}") = "test", "test", "{0C88DD14-F956-CE84-757C-A364CCF449FC}"
EndProject
Project("{FAE04EC0-301F-11D3-BF4B-00C04F79EFBC}") = "TaskManagment.Tests", "test\TaskManagment.Tests\TaskManagment.Tests.csproj", "{900623CB-8AD4-44DA-B71A-3BBD7A8E6084}"
EndProject
Global
	GlobalSection(SolutionConfigurationPlatforms) = preSolution
		Debug|Any CPU = Debug|Any CPU
		Debug|x64 = Debug|x64
		Debug|x86 = Debug|x86
		Release|Any CPU = Release|Any CPU
		Release|x64 = Release|x64
		Release|x86 = Release|x86
	EndGlobalSection
	GlobalSection(ProjectConfigurationPlatforms) = postSolution
		{360E9836-CD8A-4F12-BD77-63B0FAD225FF}.Debug|Any CPU.ActiveCfg = Debug|Any CPU
		{360E9836-CD8A-4F12-BD77-63B0FAD225FF}.Debug|Any CPU.Build.0 = Debug|Any CPU
		{360E9836-CD8A-4F12-BD77-63B0FAD225FF}.Debug|x64.ActiveCfg = Debug|Any CPU
		{360E9836-CD8A-4F12-BD77-63B0FAD225FF}.Debug|x64.Build.0 = Debug|Any CPU
		{360E9836-CD8A-4F12-BD77-63B0FAD225FF}.Debug|x86.ActiveCfg = Debug|Any CPU
		{360E9836-CD8A-4F12-BD77-63B0FAD225FF}.Debug|x86.Build.0 = Debug|Any CPU
		{360E9836-CD8A-4F12-BD77-63B0FAD225FF}.Release|Any CPU.ActiveCfg = Release|Any CPU
		{360E9836-CD8A-4F12-BD77-63B0FAD225FF}.Release|Any CPU.Build.0 = Release|Any CPU
		{360E9836-CD8A-4F12-BD77-63B0FAD225FF}.Release|x64.ActiveCfg = Release|Any CPU
		{360E9836-CD8A-4F12-BD77-63B0FAD225FF}.Release|x64.Build.0 = Release|Any CPU
		{360E9836-CD8A-4F12-BD77-63B0FAD225FF}.Release|x86.ActiveCfg = Release|Any CPU
		{360E9836-CD8A-4F12-BD77-63B0FAD225FF}.Release|x86.Build.0 = Release|Any CPU
		{335453B9-5255-4221-B564-C73A6EB770DF}.Debug|Any CPU.ActiveCfg = Debug|Any CPU
		{335453B9-5255-4221-B564-C73A6EB770DF}.Debug|Any CPU.Build.0 = Debug|Any CPU
		{335453B9-5255-4221-B564-C73A6EB770DF}.Debug|x64.ActiveCfg = Debug|Any CPU
		{335453B9-5255-4221-B564-C73A6EB770DF}.Debug|x64.Build.0 = Debug|Any CPU
		{335453B9-5255-4221-B564-C73A6EB770DF}.Debug|x86.ActiveCfg = Debug|Any CPU
		{335453B9-5255-4221-B564-C73A6EB770DF}.Debug|x86.Build.0 = Debug|Any CPU
		{335453B9-5255-4221-B564-C73A6EB770DF}.Release|Any CPU.ActiveCfg = Release|Any CPU
		{335453B9-5255-4221-B564-C73A6EB770DF}.Release|Any CPU.Build.0 = Release|Any CPU
		{335453B9-5255-4221-B564-C73A6EB770DF}.Release|x64.ActiveCfg = Release|Any CPU
		{335453B9-5255-4221-B564-C73A6EB770DF}.Release|x64.Build.0 = Release|Any CPU
		{335453B9-5255-4221-B564-C73A6EB770DF}.Release|x86.ActiveCfg = Release|Any CPU
		{335453B9-5255-4221-B564-C73A6EB770DF}.Release|x86.Build.0 = Release|Any CPU
		{49BA3530-E024-431A-82E2-C22E772E0B86}.Debug|Any CPU.ActiveCfg = Debug|Any CPU
		{49BA3530-E024-431A-82E2-C22E772E0B86}.Debug|Any CPU.Build.0 = Debug|Any CPU
		{49BA3530-E024-431A-82E2-C22E772E0B86}.Debug|x64.ActiveCfg = Debug|Any CPU
		{49BA3530-E024-431A-82E2-C22E772E0B86}.Debug|x64.Build.0 = Debug|Any CPU
		{49BA3530-E024-431A-82E2-C22E772E0B86}.Debug|x86.ActiveCfg = Debug|Any CPU
		{49BA3530-E024-431A-82E2-C22E772E0B86}.Debug|x86.Build.0 = Debug|Any CPU
		{49BA3530-E024-431A-82E2-C22E772E0B86}.Release|Any CPU.ActiveCfg = Release|Any CPU
		{49BA3530-E024-431A-82E2-C22E772E0B86}.Release|Any CPU.Build.0 = Release|Any CPU
		{49BA3530-E024-431A-82E2-C22E772E0B86}.Release|x64.ActiveCfg = Release|Any CPU
		{49BA3530-E024-431A-82E2-C22E772E0B86}.Release|x64.Build.0 = Release|Any CPU
		{49BA3530-E024-431A-82E2-C22E772E0B86}.Release|x86.ActiveCfg = Release|Any CPU
		{49BA3530-E024-431A-82E2-C22E772E0B86}.Release|x86.Build.0 = Release|Any CPU
		{3A7D5D2D-8FC1-46F6-877D-C8675CECBF01}.Debug|Any CPU.ActiveCfg = Debug|Any CPU
		{3A7D5D2D-8FC1-46F6-877D-C8675CECBF01}.Debug|Any CPU.Build.0 = Debug|Any CPU
		{3A7D5D2D-8FC1-46F6-877D-C8675CECBF01}.Debug|x64.ActiveCfg = Debug|Any CPU
		{3A7D5D2D-8FC1-46F6-877D-C8675CECBF01}.Debug|x64.Build.0 = Debug|Any CPU
		{3A7D5D2D-8FC1-46F6-877D-C8675CECBF01}.Debug|x86.ActiveCfg = Debug|Any CPU
		{3A7D5D2D-8FC1-46F6-877D-C8675CECBF01}.Debug|x86.Build.0 = Debug|Any CPU
		{3A7D5D2D-8FC1-46F6-877D-C8675CECBF01}.Release|Any CPU.ActiveCfg = Release|Any CPU
		{3A7D5D2D-8FC1-46F6-877D-C8675CECBF01}.Release|Any CPU.Build.0 = Release|Any CPU
		{3A7D5D2D-8FC1-46F6-877D-C8675CECBF01}.Release|x64.ActiveCfg = Release|Any CPU
		{3A7D5D2D-8FC1-46F6-877D-C8675CECBF01}.Release|x64.Build.0 = Release|Any CPU
		{3A7D5D2D-8FC1-46F6-877D-C8675CECBF01}.Release|x86.ActiveCfg = Release|Any CPU
		{3A7D5D2D-8FC1-46F6-877D-C8675CECBF01}.Release|x86.Build.0 = Release|Any CPU
		{900623CB-8AD4-44DA-B71A-3BBD7A8E6084}.Debug|Any CPU.ActiveCfg = Debug|Any CPU
		{900623CB-8AD4-44DA-B71A-3BBD7A8E6084}.Debug|Any CPU.Build.0 = Debug|Any CPU
		{900623CB-8AD4-44DA-B71A-3BBD7A8E6084}.Debug|x64.ActiveCfg = Debug|Any CPU
		{900623CB-8AD4-44DA-B71A-3BBD7A8E6084}.Debug|x64.Build.0 = Debug|Any CPU
		{900623CB-8AD4-44DA-B71A-3BBD7A8E6084}.Debug|x86.ActiveCfg = Debug|Any CPU
		{900623CB-8AD4-44DA-B71A-3BBD7A8E6084}.Debug|x86.Build.0 = Debug|Any CPU
		{900623CB-8AD4-44DA-B71A-3BBD7A8E6084}.Release|Any CPU.ActiveCfg = Release|Any CPU
		{900623CB-8AD4-44DA-B71A-3BBD7A8E6084}.Release|Any CPU.Build.0 = Release|Any CPU
		{900623CB-8AD4-44DA-B71A-3BBD7A8E6084}.Release|x64.ActiveCfg = Release|Any CPU
		{900623CB-8AD4-44DA-B71A-3BBD7A8E6084}.Release|x64.Build.0 = Release|Any CPU
		{900623CB-8AD4-44DA-B71A-3BBD7A8E6084}.Release|x86.ActiveCfg = Release|Any CPU
		{900623CB-8AD4-44DA-B71A-3BBD7A8E6084}.Release|x86.Build.0 = Release|Any CPU
		{BBA15BAF-7AC5-4818-9956-A8A3F72F5DAA}.Debug|Any CPU.ActiveCfg = Debug|Any CPU
		{BBA15BAF-7AC5-4818-9956-A8A3F72F5DAA}.Debug|Any CPU.Build.0 = Debug|Any CPU
		{BBA15BAF-7AC5-4818-9956-A8A3F72F5DAA}.Debug|x64.ActiveCfg = Debug|Any CPU
		{BBA15BAF-7AC5-4818-9956-A8A3F72F5DAA}.Debug|x64.Build.0 = Debug|Any CPU
		{BBA15BAF-7AC5-4818-9956-A8A3F72F5DAA}.Debug|x86.ActiveCfg = Debug|Any CPU
		{BBA15BAF-7AC5-4818-9956-A8A3F72F5DAA}.Debug|x86.Build.0 = Debug|Any CPU
		{BBA15BAF-7AC5-4818-9956-A8A3F72F5DAA}.Release|Any CPU.ActiveCfg = Release|Any CPU
		{BBA15BAF-7AC5-4818-9956-A8A3F72F5DAA}.Release|Any CPU.Build.0 = Release|Any CPU
		{BBA15BAF-7AC5-4818-9956-A8A3F72F5DAA}.Release|x64.ActiveCfg = Release|Any CPU
		{BBA15BAF-7AC5-4818-9956-A8A3F72F5DAA}.Release|x64.Build.0 = Release|Any CPU
		{BBA15BAF-7AC5-4818-9956-A8A3F72F5DAA}.Release|x86.ActiveCfg = Release|Any CPU
		{BBA15BAF-7AC5-4818-9956-A8A3F72F5DAA}.Release|x86.Build.0 = Release|Any CPU
		{112FEDFD-BDEB-45AE-9BE6-464FB790F9BC}.Debug|Any CPU.ActiveCfg = Debug|Any CPU
		{112FEDFD-BDEB-45AE-9BE6-464FB790F9BC}.Debug|Any CPU.Build.0 = Debug|Any CPU
		{112FEDFD-BDEB-45AE-9BE6-464FB790F9BC}.Debug|x64.ActiveCfg = Debug|Any CPU
		{112FEDFD-BDEB-45AE-9BE6-464FB790F9BC}.Debug|x64.Build.0 = Debug|Any CPU
		{112FEDFD-BDEB-45AE-9BE6-464FB790F9BC}.Debug|x86.ActiveCfg = Debug|Any CPU
		{112FEDFD-BDEB-45AE-9BE6-464FB790F9BC}.Debug|x86.Build.0 = Debug|Any CPU
		{112FEDFD-BDEB-45AE-9BE6-464FB790F9BC}.Release|Any CPU.ActiveCfg = Release|Any CPU
		{112FEDFD-BDEB-45AE-9BE6-464FB790F9BC}.Release|Any CPU.Build.0 = Release|Any CPU
		{112FEDFD-BDEB-45AE-9BE6-464FB790F9BC}.Release|x64.ActiveCfg = Release|Any CPU
		{112FEDFD-BDEB-45AE-9BE6-464FB790F9BC}.Release|x64.Build.0 = Release|Any CPU
		{112FEDFD-BDEB-45AE-9BE6-464FB790F9BC}.Release|x86.ActiveCfg = Release|Any CPU
		{112FEDFD-BDEB-45AE-9BE6-464FB790F9BC}.Release|x86.Build.0 = Release|Any CPU
	EndGlobalSection
	GlobalSection(SolutionProperties) = preSolution
		HideSolutionNode = FALSE
	EndGlobalSection
	GlobalSection(NestedProjects) = preSolution
		{360E9836-CD8A-4F12-BD77-63B0FAD225FF} = {827E0CD3-B72D-47B6-A68D-7590B98EB39B}
		{335453B9-5255-4221-B564-C73A6EB770DF} = {827E0CD3-B72D-47B6-A68D-7590B98EB39B}
		{49BA3530-E024-431A-82E2-C22E772E0B86} = {827E0CD3-B72D-47B6-A68D-7590B98EB39B}
		{3A7D5D2D-8FC1-46F6-877D-C8675CECBF01} = {827E0CD3-B72D-47B6-A68D-7590B98EB39B}
		{900623CB-8AD4-44DA-B71A-3BBD7A8E6084} = {0C88DD14-F956-CE84-757C-A364CCF449FC}
	EndGlobalSection
EndGlobal
